{
    "_meta": {
        "hash": {
            "sha256": "7512c494a1970a01a4ecce4df859865343ed72ab96f57f42c6a694c7c1a1f34a"
        },
        "pipfile-spec": 6,
        "requires": {
            "python_version": "3.11"
        },
        "sources": [
            {
                "name": "pypi",
                "url": "https://pypi.org/simple",
                "verify_ssl": true
            }
        ]
    },
    "default": {
        "boto3": {
            "hashes": [
                "sha256:34f07b3fc2503240c0f58114cf3afea91295c7996d084991b78a278a56157c48",
                "sha256:610369a7f984b58973c097ea649ec81976c04565d39a2d6d3edc280d23b0cb87"
            ],
            "index": "pypi",
            "version": "==1.28.3"
        },
        "boto3-stubs": {
            "extras": [
                "route53"
            ],
            "hashes": [
                "sha256:00439a9d3180b2e83be050235a0bed860903cb5b003c93fbcac4453e1f926217",
                "sha256:649fd1785e268843b4df9c858bdcfd306ef4943f6b31b174af4d7589777b7bf6"
            ],
            "index": "pypi",
            "version": "==1.28.3.post2"
        },
        "botocore": {
            "hashes": [
                "sha256:2aa27c75e62bfcf7900cb85283228fcb7df0fa1bdc2ae76dcee90788dd444934",
                "sha256:744ce853cadc7ae87ba42ef6828194ddec97d606dd4d08b4dfe3d96d5001eb0c"
            ],
            "markers": "python_version >= '3.7'",
            "version": "==1.31.3"
        },
        "botocore-stubs": {
            "hashes": [
                "sha256:2b46a184e40e3f02632b17cb3170030dad83a906b51d7bb2f60a2bcf54043ba5",
                "sha256:50a5b9a961cc45cf68e5d25e31050d373bbb8ea5f45f04af71e18f5a7e98e6d6"
            ],
            "markers": "python_version >= '3.7' and python_version < '4.0'",
            "version": "==1.31.3"
        },
        "jmespath": {
            "hashes": [
                "sha256:02e2e4cc71b5bcab88332eebf907519190dd9e6e82107fa7f83b1003a6252980",
                "sha256:90261b206d6defd58fdd5e85f478bf633a2901798906be2ad389150c5c60edbe"
            ],
            "markers": "python_version >= '3.7'",
            "version": "==1.0.1"
        },
        "mypy-boto3-route53": {
            "hashes": [
                "sha256:43e8dbc1b89a5a6695e9f1b12656fe296f6c100273b2b1b0afdb1c2cd61d4d9d",
                "sha256:6b5556891443815bb5fd653ceaa32d9dc8df90237163d76cde0ec4bd7e3e5cda"
            ],
            "version": "==1.28.0"
        },
        "python-dateutil": {
            "hashes": [
                "sha256:0123cacc1627ae19ddf3c27a5de5bd67ee4586fbdd6440d9748f8abb483d3e86",
                "sha256:961d03dc3453ebbc59dbdea9e4e11c5651520a876d0f4db161e8674aae935da9"
            ],
            "markers": "python_version >= '2.7' and python_version not in '3.0, 3.1, 3.2, 3.3'",
            "version": "==2.8.2"
        },
        "s3transfer": {
            "hashes": [
                "sha256:3c0da2d074bf35d6870ef157158641178a4204a6e689e82546083e31e0311346",
                "sha256:640bb492711f4c0c0905e1f62b6aaeb771881935ad27884852411f8e9cacbca9"
            ],
            "markers": "python_version >= '3.7'",
            "version": "==0.6.1"
        },
        "six": {
            "hashes": [
                "sha256:1e61c37477a1626458e36f7b1d82aa5c9b094fa4802892072e49de9c60c4c926",
                "sha256:8abb2f1d86890a2dfb989f9a77cfcfd3e47c2a354b01111771326f8aa26e0254"
            ],
            "markers": "python_version >= '2.7' and python_version not in '3.0, 3.1, 3.2, 3.3'",
            "version": "==1.16.0"
        },
        "types-awscrt": {
            "hashes": [
                "sha256:6cdfc458aca186fb73261895efeba1a2a0f3cf8f63f8b6ef32ec43739a64e4ae",
                "sha256:cd0d4313fac0859a2b406080782076648524840e26780dbd3b5cbd9cc315834a"
            ],
            "markers": "python_version >= '3.7' and python_version < '4.0'",
            "version": "==0.16.24"
        },
        "types-s3transfer": {
            "hashes": [
                "sha256:6d1ac1dedac750d570428362acdf60fdd4f277b0788855c3894d3226756b2bfb",
                "sha256:75ac1d7143d58c1e6af467cfd4a96c67ee058a3adf7c249d9309999e1f5f41e4"
            ],
            "markers": "python_version >= '3.7' and python_version < '4.0'",
            "version": "==0.6.1"
        },
        "urllib3": {
            "hashes": [
                "sha256:8d36afa7616d8ab714608411b4a3b13e58f463aee519024578e062e141dce20f",
                "sha256:8f135f6502756bde6b2a9b28989df5fbe87c9970cecaa69041edcce7f0589b14"
            ],
            "markers": "python_version >= '2.7' and python_version not in '3.0, 3.1, 3.2, 3.3, 3.4, 3.5'",
            "version": "==1.26.16"
        }
    },
    "develop": {}
}
